// !$*UTF8*$!
{
	archiveVersion = 1;
	classes = {
	};
	objectVersion = 46;
	objects = {

/* Begin PBXBuildFile section */
		34F849631B95FC3F001A6883 /* main.m in Sources */ = {isa = PBXBuildFile; fileRef = 34F849621B95FC3F001A6883 /* main.m */; };
		34F849661B95FC3F001A6883 /* AppDelegate.m in Sources */ = {isa = PBXBuildFile; fileRef = 34F849651B95FC3F001A6883 /* AppDelegate.m */; };
		34F849691B95FC3F001A6883 /* ViewController.m in Sources */ = {isa = PBXBuildFile; fileRef = 34F849681B95FC3F001A6883 /* ViewController.m */; };
		34F8496C1B95FC3F001A6883 /* Main.storyboard in Resources */ = {isa = PBXBuildFile; fileRef = 34F8496A1B95FC3F001A6883 /* Main.storyboard */; };
		34F8496E1B95FC3F001A6883 /* Images.xcassets in Resources */ = {isa = PBXBuildFile; fileRef = 34F8496D1B95FC3F001A6883 /* Images.xcassets */; };
		34F849711B95FC3F001A6883 /* LaunchScreen.xib in Resources */ = {isa = PBXBuildFile; fileRef = 34F8496F1B95FC3F001A6883 /* LaunchScreen.xib */; };
		34F8497D1B95FC3F001A6883 /* Week5CodeChallengesTests.m in Sources */ = {isa = PBXBuildFile; fileRef = 34F8497C1B95FC3F001A6883 /* Week5CodeChallengesTests.m */; };
		34F849881B95FDF2001A6883 /* Day1Challenge.m in Sources */ = {isa = PBXBuildFile; fileRef = 34F849871B95FDF2001A6883 /* Day1Challenge.m */; };
		34F8498B1B95FE23001A6883 /* Day2Challenge.m in Sources */ = {isa = PBXBuildFile; fileRef = 34F8498A1B95FE23001A6883 /* Day2Challenge.m */; };
		34F8498E1B95FE3E001A6883 /* Day3Challenge.m in Sources */ = {isa = PBXBuildFile; fileRef = 34F8498D1B95FE3E001A6883 /* Day3Challenge.m */; };
		34F849911B95FE4E001A6883 /* Day4Challenge.m in Sources */ = {isa = PBXBuildFile; fileRef = 34F849901B95FE4E001A6883 /* Day4Challenge.m */; };
/* End PBXBuildFile section */

/* Begin PBXContainerItemProxy section */
		34F849771B95FC3F001A6883 /* PBXContainerItemProxy */ = {
			isa = PBXContainerItemProxy;
			containerPortal = 34F849551B95FC3F001A6883 /* Project object */;
			proxyType = 1;
			remoteGlobalIDString = 34F8495C1B95FC3F001A6883;
			remoteInfo = Week5CodeChallenges;
		};
/* End PBXContainerItemProxy section */

/* Begin PBXFileReference section */
		34F8495D1B95FC3F001A6883 /* Week5CodeChallenges.app */ = {isa = PBXFileReference; explicitFileType = wrapper.application; includeInIndex = 0; path = Week5CodeChallenges.app; sourceTree = BUILT_PRODUCTS_DIR; };
		34F849611B95FC3F001A6883 /* Info.plist */ = {isa = PBXFileReference; lastKnownFileType = text.plist.xml; path = Info.plist; sourceTree = "<group>"; };
		34F849621B95FC3F001A6883 /* main.m */ = {isa = PBXFileReference; lastKnownFileType = sourcecode.c.objc; path = main.m; sourceTree = "<group>"; };
		34F849641B95FC3F001A6883 /* AppDelegate.h */ = {isa = PBXFileReference; lastKnownFileType = sourcecode.c.h; path = AppDelegate.h; sourceTree = "<group>"; };
		34F849651B95FC3F001A6883 /* AppDelegate.m */ = {isa = PBXFileReference; lastKnownFileType = sourcecode.c.objc; path = AppDelegate.m; sourceTree = "<group>"; };
		34F849671B95FC3F001A6883 /* ViewController.h */ = {isa = PBXFileReference; lastKnownFileType = sourcecode.c.h; path = ViewController.h; sourceTree = "<group>"; };
		34F849681B95FC3F001A6883 /* ViewController.m */ = {isa = PBXFileReference; lastKnownFileType = sourcecode.c.objc; path = ViewController.m; sourceTree = "<group>"; };
		34F8496B1B95FC3F001A6883 /* Base */ = {isa = PBXFileReference; lastKnownFileType = file.storyboard; name = Base; path = Base.lproj/Main.storyboard; sourceTree = "<group>"; };
		34F8496D1B95FC3F001A6883 /* Images.xcassets */ = {isa = PBXFileReference; lastKnownFileType = folder.assetcatalog; path = Images.xcassets; sourceTree = "<group>"; };
		34F849701B95FC3F001A6883 /* Base */ = {isa = PBXFileReference; lastKnownFileType = file.xib; name = Base; path = Base.lproj/LaunchScreen.xib; sourceTree = "<group>"; };
		34F849761B95FC3F001A6883 /* Week5CodeChallengesTests.xctest */ = {isa = PBXFileReference; explicitFileType = wrapper.cfbundle; includeInIndex = 0; path = Week5CodeChallengesTests.xctest; sourceTree = BUILT_PRODUCTS_DIR; };
		34F8497B1B95FC3F001A6883 /* Info.plist */ = {isa = PBXFileReference; lastKnownFileType = text.plist.xml; path = Info.plist; sourceTree = "<group>"; };
		34F8497C1B95FC3F001A6883 /* Week5CodeChallengesTests.m */ = {isa = PBXFileReference; lastKnownFileType = sourcecode.c.objc; path = Week5CodeChallengesTests.m; sourceTree = "<group>"; };
		34F849861B95FDF2001A6883 /* Day1Challenge.h */ = {isa = PBXFileReference; fileEncoding = 4; lastKnownFileType = sourcecode.c.h; path = Day1Challenge.h; sourceTree = "<group>"; };
		34F849871B95FDF2001A6883 /* Day1Challenge.m */ = {isa = PBXFileReference; fileEncoding = 4; lastKnownFileType = sourcecode.c.objc; path = Day1Challenge.m; sourceTree = "<group>"; };
		34F849891B95FE23001A6883 /* Day2Challenge.h */ = {isa = PBXFileReference; fileEncoding = 4; lastKnownFileType = sourcecode.c.h; path = Day2Challenge.h; sourceTree = "<group>"; };
		34F8498A1B95FE23001A6883 /* Day2Challenge.m */ = {isa = PBXFileReference; fileEncoding = 4; lastKnownFileType = sourcecode.c.objc; path = Day2Challenge.m; sourceTree = "<group>"; };
		34F8498C1B95FE3E001A6883 /* Day3Challenge.h */ = {isa = PBXFileReference; fileEncoding = 4; lastKnownFileType = sourcecode.c.h; path = Day3Challenge.h; sourceTree = "<group>"; };
		34F8498D1B95FE3E001A6883 /* Day3Challenge.m */ = {isa = PBXFileReference; fileEncoding = 4; lastKnownFileType = sourcecode.c.objc; path = Day3Challenge.m; sourceTree = "<group>"; };
		34F8498F1B95FE4E001A6883 /* Day4Challenge.h */ = {isa = PBXFileReference; fileEncoding = 4; lastKnownFileType = sourcecode.c.h; path = Day4Challenge.h; sourceTree = "<group>"; };
		34F849901B95FE4E001A6883 /* Day4Challenge.m */ = {isa = PBXFileReference; fileEncoding = 4; lastKnownFileType = sourcecode.c.objc; path = Day4Challenge.m; sourceTree = "<group>"; };
/* End PBXFileReference section */

/* Begin PBXFrameworksBuildPhase section */
		34F8495A1B95FC3F001A6883 /* Frameworks */ = {
			isa = PBXFrameworksBuildPhase;
			buildActionMask = 2147483647;
			files = (
			);
			runOnlyForDeploymentPostprocessing = 0;
		};
		34F849731B95FC3F001A6883 /* Frameworks */ = {
			isa = PBXFrameworksBuildPhase;
			buildActionMask = 2147483647;
			files = (
			);
			runOnlyForDeploymentPostprocessing = 0;
		};
/* End PBXFrameworksBuildPhase section */

/* Begin PBXGroup section */
		34F849541B95FC3F001A6883 = {
			isa = PBXGroup;
			children = (
				34F8495F1B95FC3F001A6883 /* Week5CodeChallenges */,
				34F849791B95FC3F001A6883 /* Week5CodeChallengesTests */,
				34F8495E1B95FC3F001A6883 /* Products */,
			);
			sourceTree = "<group>";
		};
		34F8495E1B95FC3F001A6883 /* Products */ = {
			isa = PBXGroup;
			children = (
				34F8495D1B95FC3F001A6883 /* Week5CodeChallenges.app */,
				34F849761B95FC3F001A6883 /* Week5CodeChallengesTests.xctest */,
			);
			name = Products;
			sourceTree = "<group>";
		};
		34F8495F1B95FC3F001A6883 /* Week5CodeChallenges */ = {
			isa = PBXGroup;
			children = (
				34F849641B95FC3F001A6883 /* AppDelegate.h */,
				34F849651B95FC3F001A6883 /* AppDelegate.m */,
				34F849861B95FDF2001A6883 /* Day1Challenge.h */,
				34F849871B95FDF2001A6883 /* Day1Challenge.m */,
				34F849891B95FE23001A6883 /* Day2Challenge.h */,
				34F8498A1B95FE23001A6883 /* Day2Challenge.m */,
				34F8498C1B95FE3E001A6883 /* Day3Challenge.h */,
				34F8498D1B95FE3E001A6883 /* Day3Challenge.m */,
				34F8498F1B95FE4E001A6883 /* Day4Challenge.h */,
				34F849901B95FE4E001A6883 /* Day4Challenge.m */,
				34F849671B95FC3F001A6883 /* ViewController.h */,
				34F849681B95FC3F001A6883 /* ViewController.m */,
				34F8496A1B95FC3F001A6883 /* Main.storyboard */,
				34F8496D1B95FC3F001A6883 /* Images.xcassets */,
				34F8496F1B95FC3F001A6883 /* LaunchScreen.xib */,
				34F849601B95FC3F001A6883 /* Supporting Files */,
			);
			path = Week5CodeChallenges;
			sourceTree = "<group>";
		};
		34F849601B95FC3F001A6883 /* Supporting Files */ = {
			isa = PBXGroup;
			children = (
				34F849611B95FC3F001A6883 /* Info.plist */,
				34F849621B95FC3F001A6883 /* main.m */,
			);
			name = "Supporting Files";
			sourceTree = "<group>";
		};
		34F849791B95FC3F001A6883 /* Week5CodeChallengesTests */ = {
			isa = PBXGroup;
			children = (
				34F8497C1B95FC3F001A6883 /* Week5CodeChallengesTests.m */,
				34F8497A1B95FC3F001A6883 /* Supporting Files */,
			);
			path = Week5CodeChallengesTests;
			sourceTree = "<group>";
		};
		34F8497A1B95FC3F001A6883 /* Supporting Files */ = {
			isa = PBXGroup;
			children = (
				34F8497B1B95FC3F001A6883 /* Info.plist */,
			);
			name = "Supporting Files";
			sourceTree = "<group>";
		};
/* End PBXGroup section */

/* Begin PBXNativeTarget section */
		34F8495C1B95FC3F001A6883 /* Week5CodeChallenges */ = {
			isa = PBXNativeTarget;
			buildConfigurationList = 34F849801B95FC3F001A6883 /* Build configuration list for PBXNativeTarget "Week5CodeChallenges" */;
			buildPhases = (
				34F849591B95FC3F001A6883 /* Sources */,
				34F8495A1B95FC3F001A6883 /* Frameworks */,
				34F8495B1B95FC3F001A6883 /* Resources */,
			);
			buildRules = (
			);
			dependencies = (
			);
			name = Week5CodeChallenges;
			productName = Week5CodeChallenges;
			productReference = 34F8495D1B95FC3F001A6883 /* Week5CodeChallenges.app */;
			productType = "com.apple.product-type.application";
		};
		34F849751B95FC3F001A6883 /* Week5CodeChallengesTests */ = {
			isa = PBXNativeTarget;
			buildConfigurationList = 34F849831B95FC3F001A6883 /* Build configuration list for PBXNativeTarget "Week5CodeChallengesTests" */;
			buildPhases = (
				34F849721B95FC3F001A6883 /* Sources */,
				34F849731B95FC3F001A6883 /* Frameworks */,
				34F849741B95FC3F001A6883 /* Resources */,
			);
			buildRules = (
			);
			dependencies = (
				34F849781B95FC3F001A6883 /* PBXTargetDependency */,
			);
			name = Week5CodeChallengesTests;
			productName = Week5CodeChallengesTests;
			productReference = 34F849761B95FC3F001A6883 /* Week5CodeChallengesTests.xctest */;
			productType = "com.apple.product-type.bundle.unit-test";
		};
/* End PBXNativeTarget section */

/* Begin PBXProject section */
		34F849551B95FC3F001A6883 /* Project object */ = {
			isa = PBXProject;
			attributes = {
				LastUpgradeCheck = 0640;
				ORGANIZATIONNAME = "Matthew McClure";
				TargetAttributes = {
					34F8495C1B95FC3F001A6883 = {
						CreatedOnToolsVersion = 6.4;
					};
					34F849751B95FC3F001A6883 = {
						CreatedOnToolsVersion = 6.4;
						TestTargetID = 34F8495C1B95FC3F001A6883;
					};
				};
			};
			buildConfigurationList = 34F849581B95FC3F001A6883 /* Build configuration list for PBXProject "Week5CodeChallenges" */;
			compatibilityVersion = "Xcode 3.2";
			developmentRegion = English;
			hasScannedForEncodings = 0;
			knownRegions = (
				en,
				Base,
			);
			mainGroup = 34F849541B95FC3F001A6883;
			productRefGroup = 34F8495E1B95FC3F001A6883 /* Products */;
			projectDirPath = "";
			projectRoot = "";
			targets = (
				34F8495C1B95FC3F001A6883 /* Week5CodeChallenges */,
				34F849751B95FC3F001A6883 /* Week5CodeChallengesTests */,
			);
		};
/* End PBXProject section */

/* Begin PBXResourcesBuildPhase section */
		34F8495B1B95FC3F001A6883 /* Resources */ = {
			isa = PBXResourcesBuildPhase;
			buildActionMask = 2147483647;
			files = (
				34F8496C1B95FC3F001A6883 /* Main.storyboard in Resources */,
				34F849711B95FC3F001A6883 /* LaunchScreen.xib in Resources */,
				34F8496E1B95FC3F001A6883 /* Images.xcassets in Resources */,
			);
			runOnlyForDeploymentPostprocessing = 0;
		};
		34F849741B95FC3F001A6883 /* Resources */ = {
			isa = PBXResourcesBuildPhase;
			buildActionMask = 2147483647;
			files = (
			);
			runOnlyForDeploymentPostprocessing = 0;
		};
/* End PBXResourcesBuildPhase section */

/* Begin PBXSourcesBuildPhase section */
		34F849591B95FC3F001A6883 /* Sources */ = {
			isa = PBXSourcesBuildPhase;
			buildActionMask = 2147483647;
			files = (
				34F8498B1B95FE23001A6883 /* Day2Challenge.m in Sources */,
				34F849881B95FDF2001A6883 /* Day1Challenge.m in Sources */,
				34F8498E1B95FE3E001A6883 /* Day3Challenge.m in Sources */,
				34F849691B95FC3F001A6883 /* ViewController.m in Sources */,
				34F849661B95FC3F001A6883 /* AppDelegate.m in Sources */,
				34F849911B95FE4E001A6883 /* Day4Challenge.m in Sources */,
				34F849631B95FC3F001A6883 /* main.m in Sources */,
			);
			runOnlyForDeploymentPostprocessing = 0;
		};
		34F849721B95FC3F001A6883 /* Sources */ = {
			isa = PBXSourcesBuildPhase;
			buildActionMask = 2147483647;
			files = (
				34F8497D1B95FC3F001A6883 /* Week5CodeChallengesTests.m in Sources */,
			);
			runOnlyForDeploymentPostprocessing = 0;
		};
/* End PBXSourcesBuildPhase section */

/* Begin PBXTargetDependency section */
		34F849781B95FC3F001A6883 /* PBXTargetDependency */ = {
			isa = PBXTargetDependency;
			target = 34F8495C1B95FC3F001A6883 /* Week5CodeChallenges */;
			targetProxy = 34F849771B95FC3F001A6883 /* PBXContainerItemProxy */;
		};
/* End PBXTargetDependency section */

/* Begin PBXVariantGroup section */
		34F8496A1B95FC3F001A6883 /* Main.storyboard */ = {
			isa = PBXVariantGroup;
			children = (
				34F8496B1B95FC3F001A6883 /* Base */,
			);
			name = Main.storyboard;
			sourceTree = "<group>";
		};
		34F8496F1B95FC3F001A6883 /* LaunchScreen.xib */ = {
			isa = PBXVariantGroup;
			children = (
				34F849701B95FC3F001A6883 /* Base */,
			);
			name = LaunchScreen.xib;
			sourceTree = "<group>";
		};
/* End PBXVariantGroup section */

/* Begin XCBuildConfiguration section */
		34F8497E1B95FC3F001A6883 /* Debug */ = {
			isa = XCBuildConfiguration;
			buildSettings = {
				ALWAYS_SEARCH_USER_PATHS = NO;
				CLANG_CXX_LANGUAGE_STANDARD = "gnu++0x";
				CLANG_CXX_LIBRARY = "libc++";
				CLANG_ENABLE_MODULES = YES;
				CLANG_ENABLE_OBJC_ARC = YES;
				CLANG_WARN_BOOL_CONVERSION = YES;
				CLANG_WARN_CONSTANT_CONVERSION = YES;
				CLANG_WARN_DIRECT_OBJC_ISA_USAGE = YES_ERROR;
				CLANG_WARN_EMPTY_BODY = YES;
				CLANG_WARN_ENUM_CONVERSION = YES;
				CLANG_WARN_INT_CONVERSION = YES;
				CLANG_WARN_OBJC_ROOT_CLASS = YES_ERROR;
				CLANG_WARN_UNREACHABLE_CODE = YES;
				CLANG_WARN__DUPLICATE_METHOD_MATCH = YES;
				"CODE_SIGN_IDENTITY[sdk=iphoneos*]" = "iPhone Developer";
				COPY_PHASE_STRIP = NO;
				DEBUG_INFORMATION_FORMAT = "dwarf-with-dsym";
				ENABLE_STRICT_OBJC_MSGSEND = YES;
				GCC_C_LANGUAGE_STANDARD = gnu99;
				GCC_DYNAMIC_NO_PIC = NO;
				GCC_NO_COMMON_BLOCKS = YES;
				GCC_OPTIMIZATION_LEVEL = 0;
				GCC_PREPROCESSOR_DEFINITIONS = (
					"DEBUG=1",
					"$(inherited)",
				);
				GCC_SYMBOLS_PRIVATE_EXTERN = NO;
				GCC_WARN_64_TO_32_BIT_CONVERSION = YES;
				GCC_WARN_ABOUT_RETURN_TYPE = YES_ERROR;
				GCC_WARN_UNDECLARED_SELECTOR = YES;
				GCC_WARN_UNINITIALIZED_AUTOS = YES_AGGRESSIVE;
				GCC_WARN_UNUSED_FUNCTION = YES;
				GCC_WARN_UNUSED_VARIABLE = YES;
				IPHONEOS_DEPLOYMENT_TARGET = 8.4;
				MTL_ENABLE_DEBUG_INFO = YES;
				ONLY_ACTIVE_ARCH = YES;
				SDKROOT = iphoneos;
				TARGETED_DEVICE_FAMILY = "1,2";
			};
			name = Debug;
		};
		34F8497F1B95FC3F001A6883 /* Release */ = {
			isa = XCBuildConfiguration;
			buildSettings = {
				ALWAYS_SEARCH_USER_PATHS = NO;
				CLANG_CXX_LANGUAGE_STANDARD = "gnu++0x";
				CLANG_CXX_LIBRARY = "libc++";
				CLANG_ENABLE_MODULES = YES;
				CLANG_ENABLE_OBJC_ARC = YES;
				CLANG_WARN_BOOL_CONVERSION = YES;
				CLANG_WARN_CONSTANT_CONVERSION = YES;
				CLANG_WARN_DIRECT_OBJC_ISA_USAGE = YES_ERROR;
				CLANG_WARN_EMPTY_BODY = YES;
				CLANG_WARN_ENUM_CONVERSION = YES;
				CLANG_WARN_INT_CONVERSION = YES;
				CLANG_WARN_OBJC_ROOT_CLASS = YES_ERROR;
				CLANG_WARN_UNREACHABLE_CODE = YES;
				CLANG_WARN__DUPLICATE_METHOD_MATCH = YES;
				"CODE_SIGN_IDENTITY[sdk=iphoneos*]" = "iPhone Developer";
				COPY_PHASE_STRIP = NO;
				DEBUG_INFORMATION_FORMAT = "dwarf-with-dsym";
				ENABLE_NS_ASSERTIONS = NO;
				ENABLE_STRICT_OBJC_MSGSEND = YES;
				GCC_C_LANGUAGE_STANDARD = gnu99;
				GCC_NO_COMMON_BLOCKS = YES;
				GCC_WARN_64_TO_32_BIT_CONVERSION = YES;
				GCC_WARN_ABOUT_RETURN_TYPE = YES_ERROR;
				GCC_WARN_UNDECLARED_SELECTOR = YES;
				GCC_WARN_UNINITIALIZED_AUTOS = YES_AGGRESSIVE;
				GCC_WARN_UNUSED_FUNCTION = YES;
				GCC_WARN_UNUSED_VARIABLE = YES;
				IPHONEOS_DEPLOYMENT_TARGET = 8.4;
				MTL_ENABLE_DEBUG_INFO = NO;
				SDKROOT = iphoneos;
				TARGETED_DEVICE_FAMILY = "1,2";
				VALIDATE_PRODUCT = YES;
			};
			name = Release;
		};
		34F849811B95FC3F001A6883 /* Debug */ = {
			isa = XCBuildConfiguration;
			buildSettings = {
				ASSETCATALOG_COMPILER_APPICON_NAME = AppIcon;
				INFOPLIST_FILE = Week5CodeChallenges/Info.plist;
				LD_RUNPATH_SEARCH_PATHS = "$(inherited) @executable_path/Frameworks";
				PRODUCT_NAME = "$(TARGET_NAME)";
			};
			name = Debug;
		};
		34F849821B95FC3F001A6883 /* Release */ = {
			isa = XCBuildConfiguration;
			buildSettings = {
				ASSETCATALOG_COMPILER_APPICON_NAME = AppIcon;
				INFOPLIST_FILE = Week5CodeChallenges/Info.plist;
				LD_RUNPATH_SEARCH_PATHS = "$(inherited) @executable_path/Frameworks";
				PRODUCT_NAME = "$(TARGET_NAME)";
			};
			name = Release;
		};
		34F849841B95FC3F001A6883 /* Debug */ = {
			isa = XCBuildConfiguration;
			buildSettings = {
				BUNDLE_LOADER = "$(TEST_HOST)";
				FRAMEWORK_SEARCH_PATHS = (
					"$(SDKROOT)/Developer/Library/Frameworks",
					"$(inherited)",
				);
				GCC_PREPROCESSOR_DEFINITIONS = (
					"DEBUG=1",
					"$(inherited)",
				);
				INFOPLIST_FILE = Week5CodeChallengesTests/Info.plist;
				LD_RUNPATH_SEARCH_PATHS = "$(inherited) @executable_path/Frameworks @loader_path/Frameworks";
				PRODUCT_NAME = "$(TARGET_NAME)";
				TEST_HOST = "$(BUILT_PRODUCTS_DIR)/Week5CodeChallenges.app/Week5CodeChallenges";
			};
			name = Debug;
		};
		34F849851B95FC3F001A6883 /* Release */ = {
			isa = XCBuildConfiguration;
			buildSettings = {
				BUNDLE_LOADER = "$(TEST_HOST)";
				FRAMEWORK_SEARCH_PATHS = (
					"$(SDKROOT)/Developer/Library/Frameworks",
					"$(inherited)",
				);
				INFOPLIST_FILE = Week5CodeChallengesTests/Info.plist;
				LD_RUNPATH_SEARCH_PATHS = "$(inherited) @executable_path/Frameworks @loader_path/Frameworks";
				PRODUCT_NAME = "$(TARGET_NAME)";
				TEST_HOST = "$(BUILT_PRODUCTS_DIR)/Week5CodeChallenges.app/Week5CodeChallenges";
			};
			name = Release;
		};
/* End XCBuildConfiguration section */

/* Begin XCConfigurationList section */
		34F849581B95FC3F001A6883 /* Build configuration list for PBXProject "Week5CodeChallenges" */ = {
			isa = XCConfigurationList;
			buildConfigurations = (
				34F8497E1B95FC3F001A6883 /* Debug */,
				34F8497F1B95FC3F001A6883 /* Release */,
			);
			defaultConfigurationIsVisible = 0;
			defaultConfigurationName = Release;
		};
		34F849801B95FC3F001A6883 /* Build configuration list for PBXNativeTarget "Week5CodeChallenges" */ = {
			isa = XCConfigurationList;
			buildConfigurations = (
				34F849811B95FC3F001A6883 /* Debug */,
				34F849821B95FC3F001A6883 /* Release */,
			);
			defaultConfigurationIsVisible = 0;
			defaultConfigurationName = Release;
		};
		34F849831B95FC3F001A6883 /* Build configuration list for PBXNativeTarget "Week5CodeChallengesTests" */ = {
			isa = XCConfigurationList;
			buildConfigurations = (
				34F849841B95FC3F001A6883 /* Debug */,
				34F849851B95FC3F001A6883 /* Release */,
			);
			defaultConfigurationIsVisible = 0;
			defaultConfigurationName = Release;
		};
/* End XCConfigurationList section */
	};
	rootObject = 34F849551B95FC3F001A6883 /* Project object */;
}
